
Microsoft Visual Studio Solution File, Format Version 12.00
# Visual Studio 15
VisualStudioVersion = 15.0.26730.16
MinimumVisualStudioVersion = 10.0.40219.1
Project("{2150E333-8FDC-42A3-9474-1A3956D46DE8}") = "Solution Items", "Solution Items", "{E111369D-310C-4966-AAF4-028E27B38D81}"
EndProject
Project("{FAE04EC0-301F-11D3-BF4B-00C04F79EFBC}") = "Library.XamarinIOS", "Library.XamarinIOS\Library.XamarinIOS.csproj", "{A9082A55-A4EF-441A-B9A5-1C7EB07936EC}"
EndProject
Project("{FAE04EC0-301F-11D3-BF4B-00C04F79EFBC}") = "Library.XamarinAndroid", "Library.XamarinAndroid\Library.XamarinAndroid.csproj", "{AE2A84B2-DA0C-412F-A99D-27B6FA9718E0}"
EndProject
Project("{FAE04EC0-301F-11D3-BF4B-00C04F79EFBC}") = "Library.NETfx", "Library.NETfx\Library.NETfx.csproj", "{75E3EE01-6AD7-406C-8FB6-7C7237E0D02D}"
EndProject
Project("{FAE04EC0-301F-11D3-BF4B-00C04F79EFBC}") = "Library.Portable", "Library.Portable\Library.Portable.csproj", "{0A5224FE-170A-45A7-91FC-277B6E174D08}"
EndProject
Project("{FAE04EC0-301F-11D3-BF4B-00C04F79EFBC}") = "Library.UniversalWindowsPlatform", "Library.UniversalWindowsPlatform\Library.UniversalWindowsPlatform.csproj", "{553EFAD4-25BD-4F25-A53B-4551A0EE2008}"
EndProject
Project("{FAE04EC0-301F-11D3-BF4B-00C04F79EFBC}") = "Library.PortableUniversalWindows81", "Library.PortableUniversalWindows81\Library.PortableUniversalWindows81.csproj", "{EA6ED674-BBD0-4A76-9508-3DBB22283F44}"
EndProject
Project("{FAE04EC0-301F-11D3-BF4B-00C04F79EFBC}") = "Library.WindowsWinRT81", "Library.WindowsWinRT81\Library.WindowsWinRT81.csproj", "{2AD4AC7B-2C2C-4684-97C7-A78A433B2EBF}"
EndProject
Project("{FAE04EC0-301F-11D3-BF4B-00C04F79EFBC}") = "Library.WindowsPhoneWinRT81", "Library.WindowsPhoneWinRT81\Library.WindowsPhoneWinRT81.csproj", "{92BDD5F9-E3D6-42CF-8CD8-EE4A1F6B3009}"
EndProject
Project("{FAE04EC0-301F-11D3-BF4B-00C04F79EFBC}") = "Library.WindowsPhone8xSilverlight", "Library.WindowsPhone8xSilverlight\Library.WindowsPhone8xSilverlight.csproj", "{9A116499-1DD2-49D3-AEBF-DD4C8ED737E4}"
EndProject
Project("{9A19103F-16F7-4668-BE54-9A1E7A4F7556}") = "Library.NETStandard", "Library.NETStandard\Library.NETStandard.csproj", "{19BF89F6-2BAE-4FD9-827B-5D7219B63AAA}"
EndProject
Global
	GlobalSection(SolutionConfigurationPlatforms) = preSolution
		Debug|Any CPU = Debug|Any CPU
		Debug|ARM = Debug|ARM
		Debug|x64 = Debug|x64
		Debug|x86 = Debug|x86
		Release|Any CPU = Release|Any CPU
		Release|ARM = Release|ARM
		Release|x64 = Release|x64
		Release|x86 = Release|x86
	EndGlobalSection
	GlobalSection(ProjectConfigurationPlatforms) = postSolution
		{A9082A55-A4EF-441A-B9A5-1C7EB07936EC}.Debug|Any CPU.ActiveCfg = Debug|Any CPU
		{A9082A55-A4EF-441A-B9A5-1C7EB07936EC}.Debug|Any CPU.Build.0 = Debug|Any CPU
		{A9082A55-A4EF-441A-B9A5-1C7EB07936EC}.Debug|ARM.ActiveCfg = Debug|Any CPU
		{A9082A55-A4EF-441A-B9A5-1C7EB07936EC}.Debug|ARM.Build.0 = Debug|Any CPU
		{A9082A55-A4EF-441A-B9A5-1C7EB07936EC}.Debug|x64.ActiveCfg = Debug|Any CPU
		{A9082A55-A4EF-441A-B9A5-1C7EB07936EC}.Debug|x64.Build.0 = Debug|Any CPU
		{A9082A55-A4EF-441A-B9A5-1C7EB07936EC}.Debug|x86.ActiveCfg = Debug|Any CPU
		{A9082A55-A4EF-441A-B9A5-1C7EB07936EC}.Debug|x86.Build.0 = Debug|Any CPU
		{A9082A55-A4EF-441A-B9A5-1C7EB07936EC}.Release|Any CPU.ActiveCfg = Release|Any CPU
		{A9082A55-A4EF-441A-B9A5-1C7EB07936EC}.Release|Any CPU.Build.0 = Release|Any CPU
		{A9082A55-A4EF-441A-B9A5-1C7EB07936EC}.Release|ARM.ActiveCfg = Release|Any CPU
		{A9082A55-A4EF-441A-B9A5-1C7EB07936EC}.Release|ARM.Build.0 = Release|Any CPU
		{A9082A55-A4EF-441A-B9A5-1C7EB07936EC}.Release|x64.ActiveCfg = Release|Any CPU
		{A9082A55-A4EF-441A-B9A5-1C7EB07936EC}.Release|x64.Build.0 = Release|Any CPU
		{A9082A55-A4EF-441A-B9A5-1C7EB07936EC}.Release|x86.ActiveCfg = Release|Any CPU
		{A9082A55-A4EF-441A-B9A5-1C7EB07936EC}.Release|x86.Build.0 = Release|Any CPU
		{AE2A84B2-DA0C-412F-A99D-27B6FA9718E0}.Debug|Any CPU.ActiveCfg = Debug|Any CPU
		{AE2A84B2-DA0C-412F-A99D-27B6FA9718E0}.Debug|Any CPU.Build.0 = Debug|Any CPU
		{AE2A84B2-DA0C-412F-A99D-27B6FA9718E0}.Debug|ARM.ActiveCfg = Debug|Any CPU
		{AE2A84B2-DA0C-412F-A99D-27B6FA9718E0}.Debug|ARM.Build.0 = Debug|Any CPU
		{AE2A84B2-DA0C-412F-A99D-27B6FA9718E0}.Debug|x64.ActiveCfg = Debug|Any CPU
		{AE2A84B2-DA0C-412F-A99D-27B6FA9718E0}.Debug|x64.Build.0 = Debug|Any CPU
		{AE2A84B2-DA0C-412F-A99D-27B6FA9718E0}.Debug|x86.ActiveCfg = Debug|Any CPU
		{AE2A84B2-DA0C-412F-A99D-27B6FA9718E0}.Debug|x86.Build.0 = Debug|Any CPU
		{AE2A84B2-DA0C-412F-A99D-27B6FA9718E0}.Release|Any CPU.ActiveCfg = Release|Any CPU
		{AE2A84B2-DA0C-412F-A99D-27B6FA9718E0}.Release|Any CPU.Build.0 = Release|Any CPU
		{AE2A84B2-DA0C-412F-A99D-27B6FA9718E0}.Release|ARM.ActiveCfg = Release|Any CPU
		{AE2A84B2-DA0C-412F-A99D-27B6FA9718E0}.Release|ARM.Build.0 = Release|Any CPU
		{AE2A84B2-DA0C-412F-A99D-27B6FA9718E0}.Release|x64.ActiveCfg = Release|Any CPU
		{AE2A84B2-DA0C-412F-A99D-27B6FA9718E0}.Release|x64.Build.0 = Release|Any CPU
		{AE2A84B2-DA0C-412F-A99D-27B6FA9718E0}.Release|x86.ActiveCfg = Release|Any CPU
		{AE2A84B2-DA0C-412F-A99D-27B6FA9718E0}.Release|x86.Build.0 = Release|Any CPU
		{75E3EE01-6AD7-406C-8FB6-7C7237E0D02D}.Debug|Any CPU.ActiveCfg = Debug|Any CPU
		{75E3EE01-6AD7-406C-8FB6-7C7237E0D02D}.Debug|Any CPU.Build.0 = Debug|Any CPU
		{75E3EE01-6AD7-406C-8FB6-7C7237E0D02D}.Debug|ARM.ActiveCfg = Debug|Any CPU
		{75E3EE01-6AD7-406C-8FB6-7C7237E0D02D}.Debug|ARM.Build.0 = Debug|Any CPU
		{75E3EE01-6AD7-406C-8FB6-7C7237E0D02D}.Debug|x64.ActiveCfg = Debug|Any CPU
		{75E3EE01-6AD7-406C-8FB6-7C7237E0D02D}.Debug|x64.Build.0 = Debug|Any CPU
		{75E3EE01-6AD7-406C-8FB6-7C7237E0D02D}.Debug|x86.ActiveCfg = Debug|Any CPU
		{75E3EE01-6AD7-406C-8FB6-7C7237E0D02D}.Debug|x86.Build.0 = Debug|Any CPU
		{75E3EE01-6AD7-406C-8FB6-7C7237E0D02D}.Release|Any CPU.ActiveCfg = Release|Any CPU
		{75E3EE01-6AD7-406C-8FB6-7C7237E0D02D}.Release|Any CPU.Build.0 = Release|Any CPU
		{75E3EE01-6AD7-406C-8FB6-7C7237E0D02D}.Release|ARM.ActiveCfg = Release|Any CPU
		{75E3EE01-6AD7-406C-8FB6-7C7237E0D02D}.Release|ARM.Build.0 = Release|Any CPU
		{75E3EE01-6AD7-406C-8FB6-7C7237E0D02D}.Release|x64.ActiveCfg = Release|Any CPU
		{75E3EE01-6AD7-406C-8FB6-7C7237E0D02D}.Release|x64.Build.0 = Release|Any CPU
		{75E3EE01-6AD7-406C-8FB6-7C7237E0D02D}.Release|x86.ActiveCfg = Release|Any CPU
		{75E3EE01-6AD7-406C-8FB6-7C7237E0D02D}.Release|x86.Build.0 = Release|Any CPU
		{0A5224FE-170A-45A7-91FC-277B6E174D08}.Debug|Any CPU.ActiveCfg = Debug|Any CPU
		{0A5224FE-170A-45A7-91FC-277B6E174D08}.Debug|Any CPU.Build.0 = Debug|Any CPU
		{0A5224FE-170A-45A7-91FC-277B6E174D08}.Debug|ARM.ActiveCfg = Debug|Any CPU
		{0A5224FE-170A-45A7-91FC-277B6E174D08}.Debug|ARM.Build.0 = Debug|Any CPU
		{0A5224FE-170A-45A7-91FC-277B6E174D08}.Debug|x64.ActiveCfg = Debug|Any CPU
		{0A5224FE-170A-45A7-91FC-277B6E174D08}.Debug|x64.Build.0 = Debug|Any CPU
		{0A5224FE-170A-45A7-91FC-277B6E174D08}.Debug|x86.ActiveCfg = Debug|Any CPU
		{0A5224FE-170A-45A7-91FC-277B6E174D08}.Debug|x86.Build.0 = Debug|Any CPU
		{0A5224FE-170A-45A7-91FC-277B6E174D08}.Release|Any CPU.ActiveCfg = Release|Any CPU
		{0A5224FE-170A-45A7-91FC-277B6E174D08}.Release|Any CPU.Build.0 = Release|Any CPU
		{0A5224FE-170A-45A7-91FC-277B6E174D08}.Release|ARM.ActiveCfg = Release|Any CPU
		{0A5224FE-170A-45A7-91FC-277B6E174D08}.Release|ARM.Build.0 = Release|Any CPU
		{0A5224FE-170A-45A7-91FC-277B6E174D08}.Release|x64.ActiveCfg = Release|Any CPU
		{0A5224FE-170A-45A7-91FC-277B6E174D08}.Release|x64.Build.0 = Release|Any CPU
		{0A5224FE-170A-45A7-91FC-277B6E174D08}.Release|x86.ActiveCfg = Release|Any CPU
		{0A5224FE-170A-45A7-91FC-277B6E174D08}.Release|x86.Build.0 = Release|Any CPU
		{553EFAD4-25BD-4F25-A53B-4551A0EE2008}.Debug|Any CPU.ActiveCfg = Debug|Any CPU
		{553EFAD4-25BD-4F25-A53B-4551A0EE2008}.Debug|Any CPU.Build.0 = Debug|Any CPU
		{553EFAD4-25BD-4F25-A53B-4551A0EE2008}.Debug|ARM.ActiveCfg = Debug|ARM
		{553EFAD4-25BD-4F25-A53B-4551A0EE2008}.Debug|ARM.Build.0 = Debug|ARM
		{553EFAD4-25BD-4F25-A53B-4551A0EE2008}.Debug|x64.ActiveCfg = Debug|x64
		{553EFAD4-25BD-4F25-A53B-4551A0EE2008}.Debug|x64.Build.0 = Debug|x64
		{553EFAD4-25BD-4F25-A53B-4551A0EE2008}.Debug|x86.ActiveCfg = Debug|x86
		{553EFAD4-25BD-4F25-A53B-4551A0EE2008}.Debug|x86.Build.0 = Debug|x86
		{553EFAD4-25BD-4F25-A53B-4551A0EE2008}.Release|Any CPU.ActiveCfg = Release|Any CPU
		{553EFAD4-25BD-4F25-A53B-4551A0EE2008}.Release|Any CPU.Build.0 = Release|Any CPU
		{553EFAD4-25BD-4F25-A53B-4551A0EE2008}.Release|ARM.ActiveCfg = Release|ARM
		{553EFAD4-25BD-4F25-A53B-4551A0EE2008}.Release|ARM.Build.0 = Release|ARM
		{553EFAD4-25BD-4F25-A53B-4551A0EE2008}.Release|x64.ActiveCfg = Release|x64
		{553EFAD4-25BD-4F25-A53B-4551A0EE2008}.Release|x64.Build.0 = Release|x64
		{553EFAD4-25BD-4F25-A53B-4551A0EE2008}.Release|x86.ActiveCfg = Release|x86
		{553EFAD4-25BD-4F25-A53B-4551A0EE2008}.Release|x86.Build.0 = Release|x86
		{EA6ED674-BBD0-4A76-9508-3DBB22283F44}.Debug|Any CPU.ActiveCfg = Debug|Any CPU
		{EA6ED674-BBD0-4A76-9508-3DBB22283F44}.Debug|Any CPU.Build.0 = Debug|Any CPU
		{EA6ED674-BBD0-4A76-9508-3DBB22283F44}.Debug|ARM.ActiveCfg = Debug|Any CPU
		{EA6ED674-BBD0-4A76-9508-3DBB22283F44}.Debug|ARM.Build.0 = Debug|Any CPU
		{EA6ED674-BBD0-4A76-9508-3DBB22283F44}.Debug|x64.ActiveCfg = Debug|Any CPU
		{EA6ED674-BBD0-4A76-9508-3DBB22283F44}.Debug|x64.Build.0 = Debug|Any CPU
		{EA6ED674-BBD0-4A76-9508-3DBB22283F44}.Debug|x86.ActiveCfg = Debug|Any CPU
		{EA6ED674-BBD0-4A76-9508-3DBB22283F44}.Debug|x86.Build.0 = Debug|Any CPU
		{EA6ED674-BBD0-4A76-9508-3DBB22283F44}.Release|Any CPU.ActiveCfg = Release|Any CPU
		{EA6ED674-BBD0-4A76-9508-3DBB22283F44}.Release|Any CPU.Build.0 = Release|Any CPU
		{EA6ED674-BBD0-4A76-9508-3DBB22283F44}.Release|ARM.ActiveCfg = Release|Any CPU
		{EA6ED674-BBD0-4A76-9508-3DBB22283F44}.Release|ARM.Build.0 = Release|Any CPU
		{EA6ED674-BBD0-4A76-9508-3DBB22283F44}.Release|x64.ActiveCfg = Release|Any CPU
		{EA6ED674-BBD0-4A76-9508-3DBB22283F44}.Release|x64.Build.0 = Release|Any CPU
		{EA6ED674-BBD0-4A76-9508-3DBB22283F44}.Release|x86.ActiveCfg = Release|Any CPU
		{EA6ED674-BBD0-4A76-9508-3DBB22283F44}.Release|x86.Build.0 = Release|Any CPU
		{2AD4AC7B-2C2C-4684-97C7-A78A433B2EBF}.Debug|Any CPU.ActiveCfg = Debug|Any CPU
		{2AD4AC7B-2C2C-4684-97C7-A78A433B2EBF}.Debug|Any CPU.Build.0 = Debug|Any CPU
		{2AD4AC7B-2C2C-4684-97C7-A78A433B2EBF}.Debug|ARM.ActiveCfg = Debug|ARM
		{2AD4AC7B-2C2C-4684-97C7-A78A433B2EBF}.Debug|ARM.Build.0 = Debug|ARM
		{2AD4AC7B-2C2C-4684-97C7-A78A433B2EBF}.Debug|x64.ActiveCfg = Debug|x64
		{2AD4AC7B-2C2C-4684-97C7-A78A433B2EBF}.Debug|x64.Build.0 = Debug|x64
		{2AD4AC7B-2C2C-4684-97C7-A78A433B2EBF}.Debug|x86.ActiveCfg = Debug|x86
		{2AD4AC7B-2C2C-4684-97C7-A78A433B2EBF}.Debug|x86.Build.0 = Debug|x86
		{2AD4AC7B-2C2C-4684-97C7-A78A433B2EBF}.Release|Any CPU.ActiveCfg = Release|Any CPU
		{2AD4AC7B-2C2C-4684-97C7-A78A433B2EBF}.Release|Any CPU.Build.0 = Release|Any CPU
		{2AD4AC7B-2C2C-4684-97C7-A78A433B2EBF}.Release|ARM.ActiveCfg = Release|ARM
		{2AD4AC7B-2C2C-4684-97C7-A78A433B2EBF}.Release|ARM.Build.0 = Release|ARM
		{2AD4AC7B-2C2C-4684-97C7-A78A433B2EBF}.Release|x64.ActiveCfg = Release|x64
		{2AD4AC7B-2C2C-4684-97C7-A78A433B2EBF}.Release|x64.Build.0 = Release|x64
		{2AD4AC7B-2C2C-4684-97C7-A78A433B2EBF}.Release|x86.ActiveCfg = Release|x86
		{2AD4AC7B-2C2C-4684-97C7-A78A433B2EBF}.Release|x86.Build.0 = Release|x86
		{92BDD5F9-E3D6-42CF-8CD8-EE4A1F6B3009}.Debug|Any CPU.ActiveCfg = Debug|Any CPU
		{92BDD5F9-E3D6-42CF-8CD8-EE4A1F6B3009}.Debug|Any CPU.Build.0 = Debug|Any CPU
		{92BDD5F9-E3D6-42CF-8CD8-EE4A1F6B3009}.Debug|ARM.ActiveCfg = Debug|ARM
		{92BDD5F9-E3D6-42CF-8CD8-EE4A1F6B3009}.Debug|ARM.Build.0 = Debug|ARM
		{92BDD5F9-E3D6-42CF-8CD8-EE4A1F6B3009}.Debug|x64.ActiveCfg = Debug|Any CPU
		{92BDD5F9-E3D6-42CF-8CD8-EE4A1F6B3009}.Debug|x64.Build.0 = Debug|Any CPU
		{92BDD5F9-E3D6-42CF-8CD8-EE4A1F6B3009}.Debug|x86.ActiveCfg = Debug|x86
		{92BDD5F9-E3D6-42CF-8CD8-EE4A1F6B3009}.Debug|x86.Build.0 = Debug|x86
		{92BDD5F9-E3D6-42CF-8CD8-EE4A1F6B3009}.Release|Any CPU.ActiveCfg = Release|Any CPU
		{92BDD5F9-E3D6-42CF-8CD8-EE4A1F6B3009}.Release|Any CPU.Build.0 = Release|Any CPU
		{92BDD5F9-E3D6-42CF-8CD8-EE4A1F6B3009}.Release|ARM.ActiveCfg = Release|ARM
		{92BDD5F9-E3D6-42CF-8CD8-EE4A1F6B3009}.Release|ARM.Build.0 = Release|ARM
		{92BDD5F9-E3D6-42CF-8CD8-EE4A1F6B3009}.Release|x64.ActiveCfg = Release|Any CPU
		{92BDD5F9-E3D6-42CF-8CD8-EE4A1F6B3009}.Release|x64.Build.0 = Release|Any CPU
		{92BDD5F9-E3D6-42CF-8CD8-EE4A1F6B3009}.Release|x86.ActiveCfg = Release|x86
		{92BDD5F9-E3D6-42CF-8CD8-EE4A1F6B3009}.Release|x86.Build.0 = Release|x86
		{9A116499-1DD2-49D3-AEBF-DD4C8ED737E4}.Debug|Any CPU.ActiveCfg = Debug|Any CPU
		{9A116499-1DD2-49D3-AEBF-DD4C8ED737E4}.Debug|Any CPU.Build.0 = Debug|Any CPU
		{9A116499-1DD2-49D3-AEBF-DD4C8ED737E4}.Debug|ARM.ActiveCfg = Debug|ARM
		{9A116499-1DD2-49D3-AEBF-DD4C8ED737E4}.Debug|ARM.Build.0 = Debug|ARM
		{9A116499-1DD2-49D3-AEBF-DD4C8ED737E4}.Debug|x64.ActiveCfg = Debug|Any CPU
		{9A116499-1DD2-49D3-AEBF-DD4C8ED737E4}.Debug|x64.Build.0 = Debug|Any CPU
		{9A116499-1DD2-49D3-AEBF-DD4C8ED737E4}.Debug|x86.ActiveCfg = Debug|x86
		{9A116499-1DD2-49D3-AEBF-DD4C8ED737E4}.Debug|x86.Build.0 = Debug|x86
		{9A116499-1DD2-49D3-AEBF-DD4C8ED737E4}.Release|Any CPU.ActiveCfg = Release|Any CPU
		{9A116499-1DD2-49D3-AEBF-DD4C8ED737E4}.Release|Any CPU.Build.0 = Release|Any CPU
		{9A116499-1DD2-49D3-AEBF-DD4C8ED737E4}.Release|ARM.ActiveCfg = Release|ARM
		{9A116499-1DD2-49D3-AEBF-DD4C8ED737E4}.Release|ARM.Build.0 = Release|ARM
		{9A116499-1DD2-49D3-AEBF-DD4C8ED737E4}.Release|x64.ActiveCfg = Release|Any CPU
		{9A116499-1DD2-49D3-AEBF-DD4C8ED737E4}.Release|x64.Build.0 = Release|Any CPU
		{9A116499-1DD2-49D3-AEBF-DD4C8ED737E4}.Release|x86.ActiveCfg = Release|x86
		{9A116499-1DD2-49D3-AEBF-DD4C8ED737E4}.Release|x86.Build.0 = Release|x86
		{19BF89F6-2BAE-4FD9-827B-5D7219B63AAA}.Debug|Any CPU.ActiveCfg = Debug|Any CPU
		{19BF89F6-2BAE-4FD9-827B-5D7219B63AAA}.Debug|Any CPU.Build.0 = Debug|Any CPU
		{19BF89F6-2BAE-4FD9-827B-5D7219B63AAA}.Debug|ARM.ActiveCfg = Debug|Any CPU
		{19BF89F6-2BAE-4FD9-827B-5D7219B63AAA}.Debug|ARM.Build.0 = Debug|Any CPU
		{19BF89F6-2BAE-4FD9-827B-5D7219B63AAA}.Debug|x64.ActiveCfg = Debug|Any CPU
		{19BF89F6-2BAE-4FD9-827B-5D7219B63AAA}.Debug|x64.Build.0 = Debug|Any CPU
		{19BF89F6-2BAE-4FD9-827B-5D7219B63AAA}.Debug|x86.ActiveCfg = Debug|Any CPU
		{19BF89F6-2BAE-4FD9-827B-5D7219B63AAA}.Debug|x86.Build.0 = Debug|Any CPU
		{19BF89F6-2BAE-4FD9-827B-5D7219B63AAA}.Release|Any CPU.ActiveCfg = Release|Any CPU
		{19BF89F6-2BAE-4FD9-827B-5D7219B63AAA}.Release|Any CPU.Build.0 = Release|Any CPU
		{19BF89F6-2BAE-4FD9-827B-5D7219B63AAA}.Release|ARM.ActiveCfg = Release|Any CPU
		{19BF89F6-2BAE-4FD9-827B-5D7219B63AAA}.Release|ARM.Build.0 = Release|Any CPU
		{19BF89F6-2BAE-4FD9-827B-5D7219B63AAA}.Release|x64.ActiveCfg = Release|Any CPU
		{19BF89F6-2BAE-4FD9-827B-5D7219B63AAA}.Release|x64.Build.0 = Release|Any CPU
		{19BF89F6-2BAE-4FD9-827B-5D7219B63AAA}.Release|x86.ActiveCfg = Release|Any CPU
		{19BF89F6-2BAE-4FD9-827B-5D7219B63AAA}.Release|x86.Build.0 = Release|Any CPU
	EndGlobalSection
	GlobalSection(SolutionProperties) = preSolution
		HideSolutionNode = FALSE
	EndGlobalSection
	GlobalSection(ExtensibilityGlobals) = postSolution
		SolutionGuid = {24D04A8A-70E9-41F9-A012-6E0C46F4FDB1}
	EndGlobalSection
EndGlobal
